
Microsoft Visual Studio Solution File, Format Version 12.00
# Visual Studio Version 17
VisualStudioVersion = 17.10.35027.167
MinimumVisualStudioVersion = 10.0.40219.1
Project("{FAE04EC0-301F-11D3-BF4B-00C04F79EFBC}") = "QuestSolver", "QuestSolver\QuestSolver.csproj", "{938C5E56-787F-4674-A1AA-7BA7D8183CA6}"
EndProject
Project("{9A19103F-16F7-4668-BE54-9A1E7A4F7556}") = "ECommons", "ECommons\ECommons\ECommons.csproj", "{2897C527-C9A3-4A10-9656-D32CB30B0081}"
EndProject
Project("{9A19103F-16F7-4668-BE54-9A1E7A4F7556}") = "XIVConfigUI", "XIVConfigUI\XIVConfigUI\XIVConfigUI.csproj", "{C26AF174-760D-414C-B67A-61E6A3B61BE9}"
EndProject
Global
	GlobalSection(SolutionConfigurationPlatforms) = preSolution
		Debug|Any CPU = Debug|Any CPU
		Debug|x64 = Debug|x64
		DebugForms|Any CPU = DebugForms|Any CPU
		DebugForms|x64 = DebugForms|x64
		Release|Any CPU = Release|Any CPU
		Release|x64 = Release|x64
		ReleaseForms|Any CPU = ReleaseForms|Any CPU
		ReleaseForms|x64 = ReleaseForms|x64
	EndGlobalSection
	GlobalSection(ProjectConfigurationPlatforms) = postSolution
		{938C5E56-787F-4674-A1AA-7BA7D8183CA6}.Debug|Any CPU.ActiveCfg = Debug|Any CPU
		{938C5E56-787F-4674-A1AA-7BA7D8183CA6}.Debug|Any CPU.Build.0 = Debug|Any CPU
		{938C5E56-787F-4674-A1AA-7BA7D8183CA6}.Debug|x64.ActiveCfg = Debug|Any CPU
		{938C5E56-787F-4674-A1AA-7BA7D8183CA6}.Debug|x64.Build.0 = Debug|Any CPU
		{938C5E56-787F-4674-A1AA-7BA7D8183CA6}.DebugForms|Any CPU.ActiveCfg = Debug|Any CPU
		{938C5E56-787F-4674-A1AA-7BA7D8183CA6}.DebugForms|Any CPU.Build.0 = Debug|Any CPU
		{938C5E56-787F-4674-A1AA-7BA7D8183CA6}.DebugForms|x64.ActiveCfg = Debug|Any CPU
		{938C5E56-787F-4674-A1AA-7BA7D8183CA6}.DebugForms|x64.Build.0 = Debug|Any CPU
		{938C5E56-787F-4674-A1AA-7BA7D8183CA6}.Release|Any CPU.ActiveCfg = Release|Any CPU
		{938C5E56-787F-4674-A1AA-7BA7D8183CA6}.Release|Any CPU.Build.0 = Release|Any CPU
		{938C5E56-787F-4674-A1AA-7BA7D8183CA6}.Release|x64.ActiveCfg = Release|Any CPU
		{938C5E56-787F-4674-A1AA-7BA7D8183CA6}.Release|x64.Build.0 = Release|Any CPU
		{938C5E56-787F-4674-A1AA-7BA7D8183CA6}.ReleaseForms|Any CPU.ActiveCfg = Release|Any CPU
		{938C5E56-787F-4674-A1AA-7BA7D8183CA6}.ReleaseForms|Any CPU.Build.0 = Release|Any CPU
		{938C5E56-787F-4674-A1AA-7BA7D8183CA6}.ReleaseForms|x64.ActiveCfg = Release|Any CPU
		{938C5E56-787F-4674-A1AA-7BA7D8183CA6}.ReleaseForms|x64.Build.0 = Release|Any CPU
		{2897C527-C9A3-4A10-9656-D32CB30B0081}.Debug|Any CPU.ActiveCfg = Debug|x64
		{2897C527-C9A3-4A10-9656-D32CB30B0081}.Debug|Any CPU.Build.0 = Debug|x64
		{2897C527-C9A3-4A10-9656-D32CB30B0081}.Debug|x64.ActiveCfg = Debug|x64
		{2897C527-C9A3-4A10-9656-D32CB30B0081}.Debug|x64.Build.0 = Debug|x64
		{2897C527-C9A3-4A10-9656-D32CB30B0081}.DebugForms|Any CPU.ActiveCfg = DebugForms|x64
		{2897C527-C9A3-4A10-9656-D32CB30B0081}.DebugForms|Any CPU.Build.0 = DebugForms|x64
		{2897C527-C9A3-4A10-9656-D32CB30B0081}.DebugForms|x64.ActiveCfg = DebugForms|x64
		{2897C527-C9A3-4A10-9656-D32CB30B0081}.DebugForms|x64.Build.0 = DebugForms|x64
		{2897C527-C9A3-4A10-9656-D32CB30B0081}.Release|Any CPU.ActiveCfg = Release|x64
		{2897C527-C9A3-4A10-9656-D32CB30B0081}.Release|Any CPU.Build.0 = Release|x64
		{2897C527-C9A3-4A10-9656-D32CB30B0081}.Release|x64.ActiveCfg = Release|x64
		{2897C527-C9A3-4A10-9656-D32CB30B0081}.Release|x64.Build.0 = Release|x64
		{2897C527-C9A3-4A10-9656-D32CB30B0081}.ReleaseForms|Any CPU.ActiveCfg = ReleaseForms|x64
		{2897C527-C9A3-4A10-9656-D32CB30B0081}.ReleaseForms|Any CPU.Build.0 = ReleaseForms|x64
		{2897C527-C9A3-4A10-9656-D32CB30B0081}.ReleaseForms|x64.ActiveCfg = ReleaseForms|x64
		{2897C527-C9A3-4A10-9656-D32CB30B0081}.ReleaseForms|x64.Build.0 = ReleaseForms|x64
		{C26AF174-760D-414C-B67A-61E6A3B61BE9}.Debug|Any CPU.ActiveCfg = Debug|Any CPU
		{C26AF174-760D-414C-B67A-61E6A3B61BE9}.Debug|Any CPU.Build.0 = Debug|Any CPU
		{C26AF174-760D-414C-B67A-61E6A3B61BE9}.Debug|x64.ActiveCfg = Debug|Any CPU
		{C26AF174-760D-414C-B67A-61E6A3B61BE9}.Debug|x64.Build.0 = Debug|Any CPU
		{C26AF174-760D-414C-B67A-61E6A3B61BE9}.DebugForms|Any CPU.ActiveCfg = Debug|Any CPU
		{C26AF174-760D-414C-B67A-61E6A3B61BE9}.DebugForms|Any CPU.Build.0 = Debug|Any CPU
		{C26AF174-760D-414C-B67A-61E6A3B61BE9}.DebugForms|x64.ActiveCfg = Debug|Any CPU
		{C26AF174-760D-414C-B67A-61E6A3B61BE9}.DebugForms|x64.Build.0 = Debug|Any CPU
		{C26AF174-760D-414C-B67A-61E6A3B61BE9}.Release|Any CPU.ActiveCfg = Release|Any CPU
		{C26AF174-760D-414C-B67A-61E6A3B61BE9}.Release|Any CPU.Build.0 = Release|Any CPU
		{C26AF174-760D-414C-B67A-61E6A3B61BE9}.Release|x64.ActiveCfg = Release|Any CPU
		{C26AF174-760D-414C-B67A-61E6A3B61BE9}.Release|x64.Build.0 = Release|Any CPU
		{C26AF174-760D-414C-B67A-61E6A3B61BE9}.ReleaseForms|Any CPU.ActiveCfg = Release|Any CPU
		{C26AF174-760D-414C-B67A-61E6A3B61BE9}.ReleaseForms|Any CPU.Build.0 = Release|Any CPU
		{C26AF174-760D-414C-B67A-61E6A3B61BE9}.ReleaseForms|x64.ActiveCfg = Release|Any CPU
		{C26AF174-760D-414C-B67A-61E6A3B61BE9}.ReleaseForms|x64.Build.0 = Release|Any CPU
	EndGlobalSection
	GlobalSection(SolutionProperties) = preSolution
		HideSolutionNode = FALSE
	EndGlobalSection
	GlobalSection(ExtensibilityGlobals) = postSolution
		SolutionGuid = {5396E6EB-18CF-477A-BD31-9FBDFFD6718C}
	EndGlobalSection
EndGlobal
